{
  "name": "session-sync",
  "version": "1.0.0",
  "lockfileVersion": 1,
  "requires": true,
  "dependencies": {
    "session-storage-sync": {
      "version": "0.6.0",
      "resolved": "https://registry.npmjs.org/session-storage-sync/-/session-storage-sync-0.6.0.tgz",
      "integrity": "sha512-8bBlWNrjzLl0cQUrk9NllV5AoIZBHr05SbuXkmUeecalwxsGE7A+gtTZ9K+HnDmgGbImg7AgsRBBXSEs/ktZxA=="
    },
    "typescript": {
      "version": "3.3.3333",
      "resolved": "https://registry.npmjs.org/typescript/-/typescript-3.3.3333.tgz",
      "integrity": "sha512-JjSKsAfuHBE/fB2oZ8NxtRTk5iGcg6hkYXMnZ3Wc+b2RSqejEqTaem11mHASMnFilHrax3sLK0GDzcJrekZYLw==",
      "dev": true
    }
  }
}
